
Microsoft Visual Studio Solution File, Format Version 12.00
# Visual Studio Version 17
VisualStudioVersion = 17.7.34018.315
MinimumVisualStudioVersion = 10.0.40219.1
Project("{9A19103F-16F7-4668-BE54-9A1E7A4F7556}") = "CarDealsPlace.Service", "CarDealsPlace.Service\CarDealsPlace.Service.csproj", "{C008F432-BF70-4480-80C3-4370C34B539A}"
EndProject
Global
	GlobalSection(SolutionConfigurationPlatforms) = preSolution
		Debug|Any CPU = Debug|Any CPU
		Release|Any CPU = Release|Any CPU
	EndGlobalSection
	GlobalSection(ProjectConfigurationPlatforms) = postSolution
		{C008F432-BF70-4480-80C3-4370C34B539A}.Debug|Any CPU.ActiveCfg = Debug|Any CPU
		{C008F432-BF70-4480-80C3-4370C34B539A}.Debug|Any CPU.Build.0 = Debug|Any CPU
		{C008F432-BF70-4480-80C3-4370C34B539A}.Release|Any CPU.ActiveCfg = Release|Any CPU
		{C008F432-BF70-4480-80C3-4370C34B539A}.Release|Any CPU.Build.0 = Release|Any CPU
	EndGlobalSection
	GlobalSection(SolutionProperties) = preSolution
		HideSolutionNode = FALSE
	EndGlobalSection
	GlobalSection(ExtensibilityGlobals) = postSolution
		SolutionGuid = {04E08717-F327-44CA-8248-C12D3D2E29A0}
	EndGlobalSection
EndGlobal
